// !$*UTF8*$!
{
	archiveVersion = 1;
	classes = {
	};
	objectVersion = 48;
	objects = {

/* Begin PBXBuildFile section */
		2E1910822FF143781BF83FE5 /* Pods_XiaoAnWeather.framework in Frameworks */ = {isa = PBXBuildFile; fileRef = CEB909B125A33254FED5F44B /* Pods_XiaoAnWeather.framework */; };
		AAE7E7381FCFAB3000D07EDC /* WelcomeViewController.swift in Sources */ = {isa = PBXBuildFile; fileRef = AAE7E7371FCFAB3000D07EDC /* WelcomeViewController.swift */; };
		AAEA3EDE1FCFA971007030D0 /* AppDelegate.swift in Sources */ = {isa = PBXBuildFile; fileRef = AAEA3EDD1FCFA971007030D0 /* AppDelegate.swift */; };
		AAEA3EE31FCFA971007030D0 /* Main.storyboard in Resources */ = {isa = PBXBuildFile; fileRef = AAEA3EE11FCFA971007030D0 /* Main.storyboard */; };
		AAEA3EE51FCFA971007030D0 /* Assets.xcassets in Resources */ = {isa = PBXBuildFile; fileRef = AAEA3EE41FCFA971007030D0 /* Assets.xcassets */; };
		AAEA3EE81FCFA971007030D0 /* LaunchScreen.storyboard in Resources */ = {isa = PBXBuildFile; fileRef = AAEA3EE61FCFA971007030D0 /* LaunchScreen.storyboard */; };
/* End PBXBuildFile section */

/* Begin PBXFileReference section */
		65516D9C97AE02738A01527D /* Pods-XiaoAnWeather.release.xcconfig */ = {isa = PBXFileReference; includeInIndex = 1; lastKnownFileType = text.xcconfig; name = "Pods-XiaoAnWeather.release.xcconfig"; path = "Pods/Target Support Files/Pods-XiaoAnWeather/Pods-XiaoAnWeather.release.xcconfig"; sourceTree = "<group>"; };
		AAE7E7371FCFAB3000D07EDC /* WelcomeViewController.swift */ = {isa = PBXFileReference; lastKnownFileType = sourcecode.swift; path = WelcomeViewController.swift; sourceTree = "<group>"; };
		AAEA3EDA1FCFA970007030D0 /* XiaoAnWeather.app */ = {isa = PBXFileReference; explicitFileType = wrapper.application; includeInIndex = 0; path = XiaoAnWeather.app; sourceTree = BUILT_PRODUCTS_DIR; };
		AAEA3EDD1FCFA971007030D0 /* AppDelegate.swift */ = {isa = PBXFileReference; lastKnownFileType = sourcecode.swift; path = AppDelegate.swift; sourceTree = "<group>"; };
		AAEA3EE21FCFA971007030D0 /* Base */ = {isa = PBXFileReference; lastKnownFileType = file.storyboard; name = Base; path = Base.lproj/Main.storyboard; sourceTree = "<group>"; };
		AAEA3EE41FCFA971007030D0 /* Assets.xcassets */ = {isa = PBXFileReference; lastKnownFileType = folder.assetcatalog; path = Assets.xcassets; sourceTree = "<group>"; };
		AAEA3EE71FCFA971007030D0 /* Base */ = {isa = PBXFileReference; lastKnownFileType = file.storyboard; name = Base; path = Base.lproj/LaunchScreen.storyboard; sourceTree = "<group>"; };
		AAEA3EE91FCFA971007030D0 /* Info.plist */ = {isa = PBXFileReference; lastKnownFileType = text.plist.xml; path = Info.plist; sourceTree = "<group>"; };
		CEB909B125A33254FED5F44B /* Pods_XiaoAnWeather.framework */ = {isa = PBXFileReference; explicitFileType = wrapper.framework; includeInIndex = 0; path = Pods_XiaoAnWeather.framework; sourceTree = BUILT_PRODUCTS_DIR; };
		D98487B14AE105661580B8B2 /* Pods-XiaoAnWeather.debug.xcconfig */ = {isa = PBXFileReference; includeInIndex = 1; lastKnownFileType = text.xcconfig; name = "Pods-XiaoAnWeather.debug.xcconfig"; path = "Pods/Target Support Files/Pods-XiaoAnWeather/Pods-XiaoAnWeather.debug.xcconfig"; sourceTree = "<group>"; };
/* End PBXFileReference section */

/* Begin PBXFrameworksBuildPhase section */
		AAEA3ED71FCFA970007030D0 /* Frameworks */ = {
			isa = PBXFrameworksBuildPhase;
			buildActionMask = 2147483647;
			files = (
				2E1910822FF143781BF83FE5 /* Pods_XiaoAnWeather.framework in Frameworks */,
			);
			runOnlyForDeploymentPostprocessing = 0;
		};
/* End PBXFrameworksBuildPhase section */

/* Begin PBXGroup section */
		54EEBE91B9A5A54F5B990C9F /* Pods */ = {
			isa = PBXGroup;
			children = (
				D98487B14AE105661580B8B2 /* Pods-XiaoAnWeather.debug.xcconfig */,
				65516D9C97AE02738A01527D /* Pods-XiaoAnWeather.release.xcconfig */,
			);
			name = Pods;
			sourceTree = "<group>";
		};
		AAEA3ED11FCFA970007030D0 = {
			isa = PBXGroup;
			children = (
				AAEA3EDC1FCFA970007030D0 /* XiaoAnWeather */,
				AAEA3EDB1FCFA970007030D0 /* Products */,
				54EEBE91B9A5A54F5B990C9F /* Pods */,
				E9F38E6525C5CFBB3FC2054B /* Frameworks */,
			);
			sourceTree = "<group>";
		};
		AAEA3EDB1FCFA970007030D0 /* Products */ = {
			isa = PBXGroup;
			children = (
				AAEA3EDA1FCFA970007030D0 /* XiaoAnWeather.app */,
			);
			name = Products;
			sourceTree = "<group>";
		};
		AAEA3EDC1FCFA970007030D0 /* XiaoAnWeather */ = {
			isa = PBXGroup;
			children = (
				AAEA3EDD1FCFA971007030D0 /* AppDelegate.swift */,
				AAE7E7371FCFAB3000D07EDC /* WelcomeViewController.swift */,
				AAEA3EE11FCFA971007030D0 /* Main.storyboard */,
				AAEA3EE41FCFA971007030D0 /* Assets.xcassets */,
				AAEA3EE61FCFA971007030D0 /* LaunchScreen.storyboard */,
				AAEA3EE91FCFA971007030D0 /* Info.plist */,
			);
			path = XiaoAnWeather;
			sourceTree = "<group>";
		};
		E9F38E6525C5CFBB3FC2054B /* Frameworks */ = {
			isa = PBXGroup;
			children = (
				CEB909B125A33254FED5F44B /* Pods_XiaoAnWeather.framework */,
			);
			name = Frameworks;
			sourceTree = "<group>";
		};
/* End PBXGroup section */

/* Begin PBXNativeTarget section */
		AAEA3ED91FCFA970007030D0 /* XiaoAnWeather */ = {
			isa = PBXNativeTarget;
			buildConfigurationList = AAEA3EEC1FCFA971007030D0 /* Build configuration list for PBXNativeTarget "XiaoAnWeather" */;
			buildPhases = (
				3AFEE78B680393316AA45FB7 /* [CP] Check Pods Manifest.lock */,
				AAEA3ED61FCFA970007030D0 /* Sources */,
				AAEA3ED71FCFA970007030D0 /* Frameworks */,
				AAEA3ED81FCFA970007030D0 /* Resources */,
				DE131DF3F4AFF01CAE60EE93 /* [CP] Embed Pods Frameworks */,
				E8EC9ED3A032F7DE3AC83D52 /* [CP] Copy Pods Resources */,
			);
			buildRules = (
			);
			dependencies = (
			);
			name = XiaoAnWeather;
			productName = XiaoAnWeather;
			productReference = AAEA3EDA1FCFA970007030D0 /* XiaoAnWeather.app */;
			productType = "com.apple.product-type.application";
		};
/* End PBXNativeTarget section */

/* Begin PBXProject section */
		AAEA3ED21FCFA970007030D0 /* Project object */ = {
			isa = PBXProject;
			attributes = {
				LastSwiftUpdateCheck = 0910;
				LastUpgradeCheck = 0910;
				ORGANIZATIONNAME = "黄君伟";
				TargetAttributes = {
					AAEA3ED91FCFA970007030D0 = {
						CreatedOnToolsVersion = 9.1;
						ProvisioningStyle = Automatic;
					};
				};
			};
			buildConfigurationList = AAEA3ED51FCFA970007030D0 /* Build configuration list for PBXProject "XiaoAnWeather" */;
			compatibilityVersion = "Xcode 8.0";
			developmentRegion = en;
			hasScannedForEncodings = 0;
			knownRegions = (
				en,
				Base,
			);
			mainGroup = AAEA3ED11FCFA970007030D0;
			productRefGroup = AAEA3EDB1FCFA970007030D0 /* Products */;
			projectDirPath = "";
			projectRoot = "";
			targets = (
				AAEA3ED91FCFA970007030D0 /* XiaoAnWeather */,
			);
		};
/* End PBXProject section */

/* Begin PBXResourcesBuildPhase section */
		AAEA3ED81FCFA970007030D0 /* Resources */ = {
			isa = PBXResourcesBuildPhase;
			buildActionMask = 2147483647;
			files = (
				AAEA3EE81FCFA971007030D0 /* LaunchScreen.storyboard in Resources */,
				AAEA3EE51FCFA971007030D0 /* Assets.xcassets in Resources */,
				AAEA3EE31FCFA971007030D0 /* Main.storyboard in Resources */,
			);
			runOnlyForDeploymentPostprocessing = 0;
		};
/* End PBXResourcesBuildPhase section */

/* Begin PBXShellScriptBuildPhase section */
		3AFEE78B680393316AA45FB7 /* [CP] Check Pods Manifest.lock */ = {
			isa = PBXShellScriptBuildPhase;
			buildActionMask = 2147483647;
			files = (
			);
			inputPaths = (
			);
			name = "[CP] Check Pods Manifest.lock";
			outputPaths = (
			);
			runOnlyForDeploymentPostprocessing = 0;
			shellPath = /bin/sh;
			shellScript = "diff \"${PODS_ROOT}/../Podfile.lock\" \"${PODS_ROOT}/Manifest.lock\" > /dev/null\nif [ $? != 0 ] ; then\n    # print error to STDERR\n    echo \"error: The sandbox is not in sync with the Podfile.lock. Run 'pod install' or update your CocoaPods installation.\" >&2\n    exit 1\nfi\n";
			showEnvVarsInLog = 0;
		};
		DE131DF3F4AFF01CAE60EE93 /* [CP] Embed Pods Frameworks */ = {
			isa = PBXShellScriptBuildPhase;
			buildActionMask = 2147483647;
			files = (
			);
			inputPaths = (
			);
			name = "[CP] Embed Pods Frameworks";
			outputPaths = (
			);
			runOnlyForDeploymentPostprocessing = 0;
			shellPath = /bin/sh;
			shellScript = "\"${SRCROOT}/Pods/Target Support Files/Pods-XiaoAnWeather/Pods-XiaoAnWeather-frameworks.sh\"\n";
			showEnvVarsInLog = 0;
		};
		E8EC9ED3A032F7DE3AC83D52 /* [CP] Copy Pods Resources */ = {
			isa = PBXShellScriptBuildPhase;
			buildActionMask = 2147483647;
			files = (
			);
			inputPaths = (
			);
			name = "[CP] Copy Pods Resources";
			outputPaths = (
			);
			runOnlyForDeploymentPostprocessing = 0;
			shellPath = /bin/sh;
			shellScript = "\"${SRCROOT}/Pods/Target Support Files/Pods-XiaoAnWeather/Pods-XiaoAnWeather-resources.sh\"\n";
			showEnvVarsInLog = 0;
		};
/* End PBXShellScriptBuildPhase section */

/* Begin PBXSourcesBuildPhase section */
		AAEA3ED61FCFA970007030D0 /* Sources */ = {
			isa = PBXSourcesBuildPhase;
			buildActionMask = 2147483647;
			files = (
				AAEA3EDE1FCFA971007030D0 /* AppDelegate.swift in Sources */,
				AAE7E7381FCFAB3000D07EDC /* WelcomeViewController.swift in Sources */,
			);
			runOnlyForDeploymentPostprocessing = 0;
		};
/* End PBXSourcesBuildPhase section */

/* Begin PBXVariantGroup section */
		AAEA3EE11FCFA971007030D0 /* Main.storyboard */ = {
			isa = PBXVariantGroup;
			children = (
				AAEA3EE21FCFA971007030D0 /* Base */,
			);
			name = Main.storyboard;
			sourceTree = "<group>";
		};
		AAEA3EE61FCFA971007030D0 /* LaunchScreen.storyboard */ = {
			isa = PBXVariantGroup;
			children = (
				AAEA3EE71FCFA971007030D0 /* Base */,
			);
			name = LaunchScreen.storyboard;
			sourceTree = "<group>";
		};
/* End PBXVariantGroup section */

/* Begin XCBuildConfiguration section */
		AAEA3EEA1FCFA971007030D0 /* Debug */ = {
			isa = XCBuildConfiguration;
			buildSettings = {
				ALWAYS_SEARCH_USER_PATHS = NO;
				CLANG_ANALYZER_NONNULL = YES;
				CLANG_ANALYZER_NUMBER_OBJECT_CONVERSION = YES_AGGRESSIVE;
				CLANG_CXX_LANGUAGE_STANDARD = "gnu++14";
				CLANG_CXX_LIBRARY = "libc++";
				CLANG_ENABLE_MODULES = YES;
				CLANG_ENABLE_OBJC_ARC = YES;
				CLANG_WARN_BLOCK_CAPTURE_AUTORELEASING = YES;
				CLANG_WARN_BOOL_CONVERSION = YES;
				CLANG_WARN_COMMA = YES;
				CLANG_WARN_CONSTANT_CONVERSION = YES;
				CLANG_WARN_DIRECT_OBJC_ISA_USAGE = YES_ERROR;
				CLANG_WARN_DOCUMENTATION_COMMENTS = YES;
				CLANG_WARN_EMPTY_BODY = YES;
				CLANG_WARN_ENUM_CONVERSION = YES;
				CLANG_WARN_INFINITE_RECURSION = YES;
				CLANG_WARN_INT_CONVERSION = YES;
				CLANG_WARN_NON_LITERAL_NULL_CONVERSION = YES;
				CLANG_WARN_OBJC_LITERAL_CONVERSION = YES;
				CLANG_WARN_OBJC_ROOT_CLASS = YES_ERROR;
				CLANG_WARN_RANGE_LOOP_ANALYSIS = YES;
				CLANG_WARN_STRICT_PROTOTYPES = YES;
				CLANG_WARN_SUSPICIOUS_MOVE = YES;
				CLANG_WARN_UNGUARDED_AVAILABILITY = YES_AGGRESSIVE;
				CLANG_WARN_UNREACHABLE_CODE = YES;
				CLANG_WARN__DUPLICATE_METHOD_MATCH = YES;
				CODE_SIGN_IDENTITY = "iPhone Developer";
				COPY_PHASE_STRIP = NO;
				DEBUG_INFORMATION_FORMAT = dwarf;
				ENABLE_STRICT_OBJC_MSGSEND = YES;
				ENABLE_TESTABILITY = YES;
				GCC_C_LANGUAGE_STANDARD = gnu11;
				GCC_DYNAMIC_NO_PIC = NO;
				GCC_NO_COMMON_BLOCKS = YES;
				GCC_OPTIMIZATION_LEVEL = 0;
				GCC_PREPROCESSOR_DEFINITIONS = (
					"DEBUG=1",
					"$(inherited)",
				);
				GCC_WARN_64_TO_32_BIT_CONVERSION = YES;
				GCC_WARN_ABOUT_RETURN_TYPE = YES_ERROR;
				GCC_WARN_UNDECLARED_SELECTOR = YES;
				GCC_WARN_UNINITIALIZED_AUTOS = YES_AGGRESSIVE;
				GCC_WARN_UNUSED_FUNCTION = YES;
				GCC_WARN_UNUSED_VARIABLE = YES;
				IPHONEOS_DEPLOYMENT_TARGET = 11.1;
				MTL_ENABLE_DEBUG_INFO = YES;
				ONLY_ACTIVE_ARCH = YES;
				SDKROOT = iphoneos;
				SWIFT_ACTIVE_COMPILATION_CONDITIONS = DEBUG;
				SWIFT_OPTIMIZATION_LEVEL = "-Onone";
			};
			name = Debug;
		};
		AAEA3EEB1FCFA971007030D0 /* Release */ = {
			isa = XCBuildConfiguration;
			buildSettings = {
				ALWAYS_SEARCH_USER_PATHS = NO;
				CLANG_ANALYZER_NONNULL = YES;
				CLANG_ANALYZER_NUMBER_OBJECT_CONVERSION = YES_AGGRESSIVE;
				CLANG_CXX_LANGUAGE_STANDARD = "gnu++14";
				CLANG_CXX_LIBRARY = "libc++";
				CLANG_ENABLE_MODULES = YES;
				CLANG_ENABLE_OBJC_ARC = YES;
				CLANG_WARN_BLOCK_CAPTURE_AUTORELEASING = YES;
				CLANG_WARN_BOOL_CONVERSION = YES;
				CLANG_WARN_COMMA = YES;
				CLANG_WARN_CONSTANT_CONVERSION = YES;
				CLANG_WARN_DIRECT_OBJC_ISA_USAGE = YES_ERROR;
				CLANG_WARN_DOCUMENTATION_COMMENTS = YES;
				CLANG_WARN_EMPTY_BODY = YES;
				CLANG_WARN_ENUM_CONVERSION = YES;
				CLANG_WARN_INFINITE_RECURSION = YES;
				CLANG_WARN_INT_CONVERSION = YES;
				CLANG_WARN_NON_LITERAL_NULL_CONVERSION = YES;
				CLANG_WARN_OBJC_LITERAL_CONVERSION = YES;
				CLANG_WARN_OBJC_ROOT_CLASS = YES_ERROR;
				CLANG_WARN_RANGE_LOOP_ANALYSIS = YES;
				CLANG_WARN_STRICT_PROTOTYPES = YES;
				CLANG_WARN_SUSPICIOUS_MOVE = YES;
				CLANG_WARN_UNGUARDED_AVAILABILITY = YES_AGGRESSIVE;
				CLANG_WARN_UNREACHABLE_CODE = YES;
				CLANG_WARN__DUPLICATE_METHOD_MATCH = YES;
				CODE_SIGN_IDENTITY = "iPhone Developer";
				COPY_PHASE_STRIP = NO;
				DEBUG_INFORMATION_FORMAT = "dwarf-with-dsym";
				ENABLE_NS_ASSERTIONS = NO;
				ENABLE_STRICT_OBJC_MSGSEND = YES;
				GCC_C_LANGUAGE_STANDARD = gnu11;
				GCC_NO_COMMON_BLOCKS = YES;
				GCC_WARN_64_TO_32_BIT_CONVERSION = YES;
				GCC_WARN_ABOUT_RETURN_TYPE = YES_ERROR;
				GCC_WARN_UNDECLARED_SELECTOR = YES;
				GCC_WARN_UNINITIALIZED_AUTOS = YES_AGGRESSIVE;
				GCC_WARN_UNUSED_FUNCTION = YES;
				GCC_WARN_UNUSED_VARIABLE = YES;
				IPHONEOS_DEPLOYMENT_TARGET = 11.1;
				MTL_ENABLE_DEBUG_INFO = NO;
				SDKROOT = iphoneos;
				SWIFT_OPTIMIZATION_LEVEL = "-Owholemodule";
				VALIDATE_PRODUCT = YES;
			};
			name = Release;
		};
		AAEA3EED1FCFA971007030D0 /* Debug */ = {
			isa = XCBuildConfiguration;
			baseConfigurationReference = D98487B14AE105661580B8B2 /* Pods-XiaoAnWeather.debug.xcconfig */;
			buildSettings = {
				ASSETCATALOG_COMPILER_APPICON_NAME = AppIcon;
				CODE_SIGN_STYLE = Automatic;
				INFOPLIST_FILE = XiaoAnWeather/Info.plist;
				LD_RUNPATH_SEARCH_PATHS = "$(inherited) @executable_path/Frameworks";
				PRODUCT_BUNDLE_IDENTIFIER = com.hjw.XiaoAnWeather;
				PRODUCT_NAME = "$(TARGET_NAME)";
				SWIFT_VERSION = 4.0;
				TARGETED_DEVICE_FAMILY = "1,2";
			};
			name = Debug;
		};
		AAEA3EEE1FCFA971007030D0 /* Release */ = {
			isa = XCBuildConfiguration;
			baseConfigurationReference = 65516D9C97AE02738A01527D /* Pods-XiaoAnWeather.release.xcconfig */;
			buildSettings = {
				ASSETCATALOG_COMPILER_APPICON_NAME = AppIcon;
				CODE_SIGN_STYLE = Automatic;
				INFOPLIST_FILE = XiaoAnWeather/Info.plist;
				LD_RUNPATH_SEARCH_PATHS = "$(inherited) @executable_path/Frameworks";
				PRODUCT_BUNDLE_IDENTIFIER = com.hjw.XiaoAnWeather;
				PRODUCT_NAME = "$(TARGET_NAME)";
				SWIFT_VERSION = 4.0;
				TARGETED_DEVICE_FAMILY = "1,2";
			};
			name = Release;
		};
/* End XCBuildConfiguration section */

/* Begin XCConfigurationList section */
		AAEA3ED51FCFA970007030D0 /* Build configuration list for PBXProject "XiaoAnWeather" */ = {
			isa = XCConfigurationList;
			buildConfigurations = (
				AAEA3EEA1FCFA971007030D0 /* Debug */,
				AAEA3EEB1FCFA971007030D0 /* Release */,
			);
			defaultConfigurationIsVisible = 0;
			defaultConfigurationName = Release;
		};
		AAEA3EEC1FCFA971007030D0 /* Build configuration list for PBXNativeTarget "XiaoAnWeather" */ = {
			isa = XCConfigurationList;
			buildConfigurations = (
				AAEA3EED1FCFA971007030D0 /* Debug */,
				AAEA3EEE1FCFA971007030D0 /* Release */,
			);
			defaultConfigurationIsVisible = 0;
			defaultConfigurationName = Release;
		};
/* End XCConfigurationList section */
	};
	rootObject = AAEA3ED21FCFA970007030D0 /* Project object */;
}
